// !$*UTF8*$!
{
	archiveVersion = 1;
	classes = {
	};
	objectVersion = 50;
	objects = {

/* Begin PBXBuildFile section */
		2B9AF958215F88BD00FE2F73 /* UserModel.swift in Sources */ = {isa = PBXBuildFile; fileRef = 2B9AF957215F88BD00FE2F73 /* UserModel.swift */; };
		2B9AF95A215F89AE00FE2F73 /* RegistrationPresenter.swift in Sources */ = {isa = PBXBuildFile; fileRef = 2B9AF959215F89AE00FE2F73 /* RegistrationPresenter.swift */; };
		2B9AF961215F8BFC00FE2F73 /* RegistrationContract.swift in Sources */ = {isa = PBXBuildFile; fileRef = 2B9AF960215F8BFC00FE2F73 /* RegistrationContract.swift */; };
		2B9AF963215F8D8700FE2F73 /* RegistrationResponse.swift in Sources */ = {isa = PBXBuildFile; fileRef = 2B9AF962215F8D8700FE2F73 /* RegistrationResponse.swift */; };
		2B9AF965215F9E4F00FE2F73 /* UserRepository.swift in Sources */ = {isa = PBXBuildFile; fileRef = 2B9AF964215F9E4F00FE2F73 /* UserRepository.swift */; };
		2BC1A3AA215AA11900812DCC /* AppDelegate.swift in Sources */ = {isa = PBXBuildFile; fileRef = 2BC1A3A9215AA11900812DCC /* AppDelegate.swift */; };
		2BC1A3AC215AA11900812DCC /* LoginViewController.swift in Sources */ = {isa = PBXBuildFile; fileRef = 2BC1A3AB215AA11900812DCC /* LoginViewController.swift */; };
		2BC1A3AF215AA11900812DCC /* Main.storyboard in Resources */ = {isa = PBXBuildFile; fileRef = 2BC1A3AD215AA11900812DCC /* Main.storyboard */; };
		2BC1A3B1215AA11B00812DCC /* Assets.xcassets in Resources */ = {isa = PBXBuildFile; fileRef = 2BC1A3B0215AA11B00812DCC /* Assets.xcassets */; };
		2BC1A3B4215AA11B00812DCC /* LaunchScreen.storyboard in Resources */ = {isa = PBXBuildFile; fileRef = 2BC1A3B2215AA11B00812DCC /* LaunchScreen.storyboard */; };
		2BC1A3BC215AAA4A00812DCC /* RegisterViewController.swift in Sources */ = {isa = PBXBuildFile; fileRef = 2BC1A3BB215AAA4A00812DCC /* RegisterViewController.swift */; };
/* End PBXBuildFile section */

/* Begin PBXFileReference section */
		2B9AF957215F88BD00FE2F73 /* UserModel.swift */ = {isa = PBXFileReference; lastKnownFileType = sourcecode.swift; path = UserModel.swift; sourceTree = "<group>"; };
		2B9AF959215F89AE00FE2F73 /* RegistrationPresenter.swift */ = {isa = PBXFileReference; lastKnownFileType = sourcecode.swift; path = RegistrationPresenter.swift; sourceTree = "<group>"; };
		2B9AF960215F8BFC00FE2F73 /* RegistrationContract.swift */ = {isa = PBXFileReference; lastKnownFileType = sourcecode.swift; path = RegistrationContract.swift; sourceTree = "<group>"; };
		2B9AF962215F8D8700FE2F73 /* RegistrationResponse.swift */ = {isa = PBXFileReference; lastKnownFileType = sourcecode.swift; path = RegistrationResponse.swift; sourceTree = "<group>"; };
		2B9AF964215F9E4F00FE2F73 /* UserRepository.swift */ = {isa = PBXFileReference; lastKnownFileType = sourcecode.swift; path = UserRepository.swift; sourceTree = "<group>"; };
		2BC1A3A6215AA11900812DCC /* Regisreationform.app */ = {isa = PBXFileReference; explicitFileType = wrapper.application; includeInIndex = 0; path = Regisreationform.app; sourceTree = BUILT_PRODUCTS_DIR; };
		2BC1A3A9215AA11900812DCC /* AppDelegate.swift */ = {isa = PBXFileReference; lastKnownFileType = sourcecode.swift; path = AppDelegate.swift; sourceTree = "<group>"; };
		2BC1A3AB215AA11900812DCC /* LoginViewController.swift */ = {isa = PBXFileReference; lastKnownFileType = sourcecode.swift; path = LoginViewController.swift; sourceTree = "<group>"; };
		2BC1A3AE215AA11900812DCC /* Base */ = {isa = PBXFileReference; lastKnownFileType = file.storyboard; name = Base; path = Base.lproj/Main.storyboard; sourceTree = "<group>"; };
		2BC1A3B0215AA11B00812DCC /* Assets.xcassets */ = {isa = PBXFileReference; lastKnownFileType = folder.assetcatalog; path = Assets.xcassets; sourceTree = "<group>"; };
		2BC1A3B3215AA11B00812DCC /* Base */ = {isa = PBXFileReference; lastKnownFileType = file.storyboard; name = Base; path = Base.lproj/LaunchScreen.storyboard; sourceTree = "<group>"; };
		2BC1A3B5215AA11B00812DCC /* Info.plist */ = {isa = PBXFileReference; lastKnownFileType = text.plist.xml; path = Info.plist; sourceTree = "<group>"; };
		2BC1A3BB215AAA4A00812DCC /* RegisterViewController.swift */ = {isa = PBXFileReference; lastKnownFileType = sourcecode.swift; path = RegisterViewController.swift; sourceTree = "<group>"; };
/* End PBXFileReference section */

/* Begin PBXFrameworksBuildPhase section */
		2BC1A3A3215AA11900812DCC /* Frameworks */ = {
			isa = PBXFrameworksBuildPhase;
			buildActionMask = 2147483647;
			files = (
			);
			runOnlyForDeploymentPostprocessing = 0;
		};
/* End PBXFrameworksBuildPhase section */

/* Begin PBXGroup section */
		2B9AF95B215F89DB00FE2F73 /* OptionFiles */ = {
			isa = PBXGroup;
			children = (
				2BC1A3B0215AA11B00812DCC /* Assets.xcassets */,
				2BC1A3A9215AA11900812DCC /* AppDelegate.swift */,
				2BC1A3B2215AA11B00812DCC /* LaunchScreen.storyboard */,
			);
			path = OptionFiles;
			sourceTree = "<group>";
		};
		2B9AF95C215F8A5F00FE2F73 /* Registration */ = {
			isa = PBXGroup;
			children = (
				2B9AF959215F89AE00FE2F73 /* RegistrationPresenter.swift */,
				2BC1A3BB215AAA4A00812DCC /* RegisterViewController.swift */,
				2B9AF960215F8BFC00FE2F73 /* RegistrationContract.swift */,
				2B9AF962215F8D8700FE2F73 /* RegistrationResponse.swift */,
			);
			path = Registration;
			sourceTree = "<group>";
		};
		2B9AF95D215F8A7200FE2F73 /* Presentation */ = {
			isa = PBXGroup;
			children = (
				2BC1A3AD215AA11900812DCC /* Main.storyboard */,
				2B9AF95F215F8A8900FE2F73 /* Login */,
				2B9AF95C215F8A5F00FE2F73 /* Registration */,
			);
			path = Presentation;
			sourceTree = "<group>";
		};
		2B9AF95E215F8A7D00FE2F73 /* Data */ = {
			isa = PBXGroup;
			children = (
				2B9AF957215F88BD00FE2F73 /* UserModel.swift */,
				2B9AF964215F9E4F00FE2F73 /* UserRepository.swift */,
			);
			path = Data;
			sourceTree = "<group>";
		};
		2B9AF95F215F8A8900FE2F73 /* Login */ = {
			isa = PBXGroup;
			children = (
				2BC1A3AB215AA11900812DCC /* LoginViewController.swift */,
			);
			path = Login;
			sourceTree = "<group>";
		};
		2BC1A39D215AA11900812DCC = {
			isa = PBXGroup;
			children = (
				2BC1A3A8215AA11900812DCC /* Regisreationform */,
				2BC1A3A7215AA11900812DCC /* Products */,
			);
			sourceTree = "<group>";
		};
		2BC1A3A7215AA11900812DCC /* Products */ = {
			isa = PBXGroup;
			children = (
				2BC1A3A6215AA11900812DCC /* Regisreationform.app */,
			);
			name = Products;
			sourceTree = "<group>";
		};
		2BC1A3A8215AA11900812DCC /* Regisreationform */ = {
			isa = PBXGroup;
			children = (
				2B9AF95D215F8A7200FE2F73 /* Presentation */,
				2B9AF95E215F8A7D00FE2F73 /* Data */,
				2BC1A3B5215AA11B00812DCC /* Info.plist */,
				2B9AF95B215F89DB00FE2F73 /* OptionFiles */,
			);
			path = Regisreationform;
			sourceTree = "<group>";
		};
/* End PBXGroup section */

/* Begin PBXNativeTarget section */
		2BC1A3A5215AA11900812DCC /* Regisreationform */ = {
			isa = PBXNativeTarget;
			buildConfigurationList = 2BC1A3B8215AA11B00812DCC /* Build configuration list for PBXNativeTarget "Regisreationform" */;
			buildPhases = (
				2BC1A3A2215AA11900812DCC /* Sources */,
				2BC1A3A3215AA11900812DCC /* Frameworks */,
				2BC1A3A4215AA11900812DCC /* Resources */,
			);
			buildRules = (
			);
			dependencies = (
			);
			name = Regisreationform;
			productName = Regisreationform;
			productReference = 2BC1A3A6215AA11900812DCC /* Regisreationform.app */;
			productType = "com.apple.product-type.application";
		};
/* End PBXNativeTarget section */

/* Begin PBXProject section */
		2BC1A39E215AA11900812DCC /* Project object */ = {
			isa = PBXProject;
			attributes = {
				LastSwiftUpdateCheck = 1000;
				LastUpgradeCheck = 1000;
				ORGANIZATIONNAME = Abdo;
				TargetAttributes = {
					2BC1A3A5215AA11900812DCC = {
						CreatedOnToolsVersion = 10.0;
					};
				};
			};
			buildConfigurationList = 2BC1A3A1215AA11900812DCC /* Build configuration list for PBXProject "Regisreationform" */;
			compatibilityVersion = "Xcode 9.3";
			developmentRegion = en;
			hasScannedForEncodings = 0;
			knownRegions = (
				en,
				Base,
			);
			mainGroup = 2BC1A39D215AA11900812DCC;
			productRefGroup = 2BC1A3A7215AA11900812DCC /* Products */;
			projectDirPath = "";
			projectRoot = "";
			targets = (
				2BC1A3A5215AA11900812DCC /* Regisreationform */,
			);
		};
/* End PBXProject section */

/* Begin PBXResourcesBuildPhase section */
		2BC1A3A4215AA11900812DCC /* Resources */ = {
			isa = PBXResourcesBuildPhase;
			buildActionMask = 2147483647;
			files = (
				2BC1A3B4215AA11B00812DCC /* LaunchScreen.storyboard in Resources */,
				2BC1A3B1215AA11B00812DCC /* Assets.xcassets in Resources */,
				2BC1A3AF215AA11900812DCC /* Main.storyboard in Resources */,
			);
			runOnlyForDeploymentPostprocessing = 0;
		};
/* End PBXResourcesBuildPhase section */

/* Begin PBXSourcesBuildPhase section */
		2BC1A3A2215AA11900812DCC /* Sources */ = {
			isa = PBXSourcesBuildPhase;
			buildActionMask = 2147483647;
			files = (
				2BC1A3BC215AAA4A00812DCC /* RegisterViewController.swift in Sources */,
				2B9AF95A215F89AE00FE2F73 /* RegistrationPresenter.swift in Sources */,
				2B9AF961215F8BFC00FE2F73 /* RegistrationContract.swift in Sources */,
				2BC1A3AC215AA11900812DCC /* LoginViewController.swift in Sources */,
				2B9AF958215F88BD00FE2F73 /* UserModel.swift in Sources */,
				2B9AF963215F8D8700FE2F73 /* RegistrationResponse.swift in Sources */,
				2B9AF965215F9E4F00FE2F73 /* UserRepository.swift in Sources */,
				2BC1A3AA215AA11900812DCC /* AppDelegate.swift in Sources */,
			);
			runOnlyForDeploymentPostprocessing = 0;
		};
/* End PBXSourcesBuildPhase section */

/* Begin PBXVariantGroup section */
		2BC1A3AD215AA11900812DCC /* Main.storyboard */ = {
			isa = PBXVariantGroup;
			children = (
				2BC1A3AE215AA11900812DCC /* Base */,
			);
			name = Main.storyboard;
			sourceTree = "<group>";
		};
		2BC1A3B2215AA11B00812DCC /* LaunchScreen.storyboard */ = {
			isa = PBXVariantGroup;
			children = (
				2BC1A3B3215AA11B00812DCC /* Base */,
			);
			name = LaunchScreen.storyboard;
			sourceTree = "<group>";
		};
/* End PBXVariantGroup section */

/* Begin XCBuildConfiguration section */
		2BC1A3B6215AA11B00812DCC /* Debug */ = {
			isa = XCBuildConfiguration;
			buildSettings = {
				ALWAYS_SEARCH_USER_PATHS = NO;
				CLANG_ANALYZER_NONNULL = YES;
				CLANG_ANALYZER_NUMBER_OBJECT_CONVERSION = YES_AGGRESSIVE;
				CLANG_CXX_LANGUAGE_STANDARD = "gnu++14";
				CLANG_CXX_LIBRARY = "libc++";
				CLANG_ENABLE_MODULES = YES;
				CLANG_ENABLE_OBJC_ARC = YES;
				CLANG_ENABLE_OBJC_WEAK = YES;
				CLANG_WARN_BLOCK_CAPTURE_AUTORELEASING = YES;
				CLANG_WARN_BOOL_CONVERSION = YES;
				CLANG_WARN_COMMA = YES;
				CLANG_WARN_CONSTANT_CONVERSION = YES;
				CLANG_WARN_DEPRECATED_OBJC_IMPLEMENTATIONS = YES;
				CLANG_WARN_DIRECT_OBJC_ISA_USAGE = YES_ERROR;
				CLANG_WARN_DOCUMENTATION_COMMENTS = YES;
				CLANG_WARN_EMPTY_BODY = YES;
				CLANG_WARN_ENUM_CONVERSION = YES;
				CLANG_WARN_INFINITE_RECURSION = YES;
				CLANG_WARN_INT_CONVERSION = YES;
				CLANG_WARN_NON_LITERAL_NULL_CONVERSION = YES;
				CLANG_WARN_OBJC_IMPLICIT_RETAIN_SELF = YES;
				CLANG_WARN_OBJC_LITERAL_CONVERSION = YES;
				CLANG_WARN_OBJC_ROOT_CLASS = YES_ERROR;
				CLANG_WARN_RANGE_LOOP_ANALYSIS = YES;
				CLANG_WARN_STRICT_PROTOTYPES = YES;
				CLANG_WARN_SUSPICIOUS_MOVE = YES;
				CLANG_WARN_UNGUARDED_AVAILABILITY = YES_AGGRESSIVE;
				CLANG_WARN_UNREACHABLE_CODE = YES;
				CLANG_WARN__DUPLICATE_METHOD_MATCH = YES;
				CODE_SIGN_IDENTITY = "iPhone Developer";
				COPY_PHASE_STRIP = NO;
				DEBUG_INFORMATION_FORMAT = dwarf;
				ENABLE_STRICT_OBJC_MSGSEND = YES;
				ENABLE_TESTABILITY = YES;
				GCC_C_LANGUAGE_STANDARD = gnu11;
				GCC_DYNAMIC_NO_PIC = NO;
				GCC_NO_COMMON_BLOCKS = YES;
				GCC_OPTIMIZATION_LEVEL = 0;
				GCC_PREPROCESSOR_DEFINITIONS = (
					"DEBUG=1",
					"$(inherited)",
				);
				GCC_WARN_64_TO_32_BIT_CONVERSION = YES;
				GCC_WARN_ABOUT_RETURN_TYPE = YES_ERROR;
				GCC_WARN_UNDECLARED_SELECTOR = YES;
				GCC_WARN_UNINITIALIZED_AUTOS = YES_AGGRESSIVE;
				GCC_WARN_UNUSED_FUNCTION = YES;
				GCC_WARN_UNUSED_VARIABLE = YES;
				IPHONEOS_DEPLOYMENT_TARGET = 12.0;
				MTL_ENABLE_DEBUG_INFO = INCLUDE_SOURCE;
				MTL_FAST_MATH = YES;
				ONLY_ACTIVE_ARCH = YES;
				SDKROOT = iphoneos;
				SWIFT_ACTIVE_COMPILATION_CONDITIONS = DEBUG;
				SWIFT_OPTIMIZATION_LEVEL = "-Onone";
			};
			name = Debug;
		};
		2BC1A3B7215AA11B00812DCC /* Release */ = {
			isa = XCBuildConfiguration;
			buildSettings = {
				ALWAYS_SEARCH_USER_PATHS = NO;
				CLANG_ANALYZER_NONNULL = YES;
				CLANG_ANALYZER_NUMBER_OBJECT_CONVERSION = YES_AGGRESSIVE;
				CLANG_CXX_LANGUAGE_STANDARD = "gnu++14";
				CLANG_CXX_LIBRARY = "libc++";
				CLANG_ENABLE_MODULES = YES;
				CLANG_ENABLE_OBJC_ARC = YES;
				CLANG_ENABLE_OBJC_WEAK = YES;
				CLANG_WARN_BLOCK_CAPTURE_AUTORELEASING = YES;
				CLANG_WARN_BOOL_CONVERSION = YES;
				CLANG_WARN_COMMA = YES;
				CLANG_WARN_CONSTANT_CONVERSION = YES;
				CLANG_WARN_DEPRECATED_OBJC_IMPLEMENTATIONS = YES;
				CLANG_WARN_DIRECT_OBJC_ISA_USAGE = YES_ERROR;
				CLANG_WARN_DOCUMENTATION_COMMENTS = YES;
				CLANG_WARN_EMPTY_BODY = YES;
				CLANG_WARN_ENUM_CONVERSION = YES;
				CLANG_WARN_INFINITE_RECURSION = YES;
				CLANG_WARN_INT_CONVERSION = YES;
				CLANG_WARN_NON_LITERAL_NULL_CONVERSION = YES;
				CLANG_WARN_OBJC_IMPLICIT_RETAIN_SELF = YES;
				CLANG_WARN_OBJC_LITERAL_CONVERSION = YES;
				CLANG_WARN_OBJC_ROOT_CLASS = YES_ERROR;
				CLANG_WARN_RANGE_LOOP_ANALYSIS = YES;
				CLANG_WARN_STRICT_PROTOTYPES = YES;
				CLANG_WARN_SUSPICIOUS_MOVE = YES;
				CLANG_WARN_UNGUARDED_AVAILABILITY = YES_AGGRESSIVE;
				CLANG_WARN_UNREACHABLE_CODE = YES;
				CLANG_WARN__DUPLICATE_METHOD_MATCH = YES;
				CODE_SIGN_IDENTITY = "iPhone Developer";
				COPY_PHASE_STRIP = NO;
				DEBUG_INFORMATION_FORMAT = "dwarf-with-dsym";
				ENABLE_NS_ASSERTIONS = NO;
				ENABLE_STRICT_OBJC_MSGSEND = YES;
				GCC_C_LANGUAGE_STANDARD = gnu11;
				GCC_NO_COMMON_BLOCKS = YES;
				GCC_WARN_64_TO_32_BIT_CONVERSION = YES;
				GCC_WARN_ABOUT_RETURN_TYPE = YES_ERROR;
				GCC_WARN_UNDECLARED_SELECTOR = YES;
				GCC_WARN_UNINITIALIZED_AUTOS = YES_AGGRESSIVE;
				GCC_WARN_UNUSED_FUNCTION = YES;
				GCC_WARN_UNUSED_VARIABLE = YES;
				IPHONEOS_DEPLOYMENT_TARGET = 12.0;
				MTL_ENABLE_DEBUG_INFO = NO;
				MTL_FAST_MATH = YES;
				SDKROOT = iphoneos;
				SWIFT_COMPILATION_MODE = wholemodule;
				SWIFT_OPTIMIZATION_LEVEL = "-O";
				VALIDATE_PRODUCT = YES;
			};
			name = Release;
		};
		2BC1A3B9215AA11B00812DCC /* Debug */ = {
			isa = XCBuildConfiguration;
			buildSettings = {
				ASSETCATALOG_COMPILER_APPICON_NAME = AppIcon;
				CODE_SIGN_STYLE = Automatic;
				DEVELOPMENT_TEAM = 3DT9BA7264;
				INFOPLIST_FILE = Regisreationform/Info.plist;
				LD_RUNPATH_SEARCH_PATHS = (
					"$(inherited)",
					"@executable_path/Frameworks",
				);
				PRODUCT_BUNDLE_IDENTIFIER = Abdulrahman.Regisreationform;
				PRODUCT_NAME = "$(TARGET_NAME)";
				SWIFT_VERSION = 4.2;
				TARGETED_DEVICE_FAMILY = "1,2";
			};
			name = Debug;
		};
		2BC1A3BA215AA11B00812DCC /* Release */ = {
			isa = XCBuildConfiguration;
			buildSettings = {
				ASSETCATALOG_COMPILER_APPICON_NAME = AppIcon;
				CODE_SIGN_STYLE = Automatic;
				DEVELOPMENT_TEAM = 3DT9BA7264;
				INFOPLIST_FILE = Regisreationform/Info.plist;
				LD_RUNPATH_SEARCH_PATHS = (
					"$(inherited)",
					"@executable_path/Frameworks",
				);
				PRODUCT_BUNDLE_IDENTIFIER = Abdulrahman.Regisreationform;
				PRODUCT_NAME = "$(TARGET_NAME)";
				SWIFT_VERSION = 4.2;
				TARGETED_DEVICE_FAMILY = "1,2";
			};
			name = Release;
		};
/* End XCBuildConfiguration section */

/* Begin XCConfigurationList section */
		2BC1A3A1215AA11900812DCC /* Build configuration list for PBXProject "Regisreationform" */ = {
			isa = XCConfigurationList;
			buildConfigurations = (
				2BC1A3B6215AA11B00812DCC /* Debug */,
				2BC1A3B7215AA11B00812DCC /* Release */,
			);
			defaultConfigurationIsVisible = 0;
			defaultConfigurationName = Release;
		};
		2BC1A3B8215AA11B00812DCC /* Build configuration list for PBXNativeTarget "Regisreationform" */ = {
			isa = XCConfigurationList;
			buildConfigurations = (
				2BC1A3B9215AA11B00812DCC /* Debug */,
				2BC1A3BA215AA11B00812DCC /* Release */,
			);
			defaultConfigurationIsVisible = 0;
			defaultConfigurationName = Release;
		};
/* End XCConfigurationList section */
	};
	rootObject = 2BC1A39E215AA11900812DCC /* Project object */;
}
